// !$*UTF8*$!
{
	archiveVersion = 1;
	classes = {
	};
	objectVersion = 56;
	objects = {

/* Begin PBXBuildFile section */
		E2531C4129012E1200B90D0F /* AppDelegate.swift in Sources */ = {isa = PBXBuildFile; fileRef = E2531C4029012E1200B90D0F /* AppDelegate.swift */; };
		E2531C4329012E1200B90D0F /* SceneDelegate.swift in Sources */ = {isa = PBXBuildFile; fileRef = E2531C4229012E1200B90D0F /* SceneDelegate.swift */; };
		E2531C4529012E1200B90D0F /* ViewController.swift in Sources */ = {isa = PBXBuildFile; fileRef = E2531C4429012E1200B90D0F /* ViewController.swift */; };
		E2531C4829012E1200B90D0F /* Main.storyboard in Resources */ = {isa = PBXBuildFile; fileRef = E2531C4629012E1200B90D0F /* Main.storyboard */; };
		E2531C4B29012E1200B90D0F /* JustPump.xcdatamodeld in Sources */ = {isa = PBXBuildFile; fileRef = E2531C4929012E1200B90D0F /* JustPump.xcdatamodeld */; };
		E2531C4D29012E1400B90D0F /* Assets.xcassets in Resources */ = {isa = PBXBuildFile; fileRef = E2531C4C29012E1400B90D0F /* Assets.xcassets */; };
		E2531C5029012E1400B90D0F /* LaunchScreen.storyboard in Resources */ = {isa = PBXBuildFile; fileRef = E2531C4E29012E1400B90D0F /* LaunchScreen.storyboard */; };
		E2531C5829012F4800B90D0F /* GoogleService-Info.plist in Resources */ = {isa = PBXBuildFile; fileRef = E2531C5729012F4800B90D0F /* GoogleService-Info.plist */; };
		E2531C5B290131D000B90D0F /* FirebaseAnalytics in Frameworks */ = {isa = PBXBuildFile; productRef = E2531C5A290131D000B90D0F /* FirebaseAnalytics */; };
		E2531C5D290131D000B90D0F /* FirebaseAuth in Frameworks */ = {isa = PBXBuildFile; productRef = E2531C5C290131D000B90D0F /* FirebaseAuth */; };
		E2531C5F290131D000B90D0F /* FirebaseFirestoreSwift in Frameworks */ = {isa = PBXBuildFile; productRef = E2531C5E290131D000B90D0F /* FirebaseFirestoreSwift */; };
		E2531C61290131D000B90D0F /* FirebaseStorage in Frameworks */ = {isa = PBXBuildFile; productRef = E2531C60290131D000B90D0F /* FirebaseStorage */; };
		E2531C6729014A4600B90D0F /* TrainingVC.swift in Sources */ = {isa = PBXBuildFile; fileRef = E2531C6629014A4600B90D0F /* TrainingVC.swift */; };
		E2531C6929014A5000B90D0F /* ExerciseVC.swift in Sources */ = {isa = PBXBuildFile; fileRef = E2531C6829014A5000B90D0F /* ExerciseVC.swift */; };
		E2531C6B29014A9000B90D0F /* CaloriesVC.swift in Sources */ = {isa = PBXBuildFile; fileRef = E2531C6A29014A9000B90D0F /* CaloriesVC.swift */; };
		E2531C6D29014B2C00B90D0F /* GainsVC.swift in Sources */ = {isa = PBXBuildFile; fileRef = E2531C6C29014B2B00B90D0F /* GainsVC.swift */; };
		E2531C712902840800B90D0F /* HomeVC.swift in Sources */ = {isa = PBXBuildFile; fileRef = E2531C702902840800B90D0F /* HomeVC.swift */; };
		E2531C75290299B500B90D0F /* RegisterVC.swift in Sources */ = {isa = PBXBuildFile; fileRef = E2531C74290299B500B90D0F /* RegisterVC.swift */; };
		E2531C7729029B1A00B90D0F /* Utilities.swift in Sources */ = {isa = PBXBuildFile; fileRef = E2531C7629029B1A00B90D0F /* Utilities.swift */; };
/* End PBXBuildFile section */

/* Begin PBXFileReference section */
		E2531C3D29012E1200B90D0F /* JustPump.app */ = {isa = PBXFileReference; explicitFileType = wrapper.application; includeInIndex = 0; path = JustPump.app; sourceTree = BUILT_PRODUCTS_DIR; };
		E2531C4029012E1200B90D0F /* AppDelegate.swift */ = {isa = PBXFileReference; lastKnownFileType = sourcecode.swift; path = AppDelegate.swift; sourceTree = "<group>"; };
		E2531C4229012E1200B90D0F /* SceneDelegate.swift */ = {isa = PBXFileReference; lastKnownFileType = sourcecode.swift; path = SceneDelegate.swift; sourceTree = "<group>"; };
		E2531C4429012E1200B90D0F /* ViewController.swift */ = {isa = PBXFileReference; lastKnownFileType = sourcecode.swift; path = ViewController.swift; sourceTree = "<group>"; };
		E2531C4729012E1200B90D0F /* Base */ = {isa = PBXFileReference; lastKnownFileType = file.storyboard; name = Base; path = Base.lproj/Main.storyboard; sourceTree = "<group>"; };
		E2531C4A29012E1200B90D0F /* JustPump.xcdatamodel */ = {isa = PBXFileReference; lastKnownFileType = wrapper.xcdatamodel; path = JustPump.xcdatamodel; sourceTree = "<group>"; };
		E2531C4C29012E1400B90D0F /* Assets.xcassets */ = {isa = PBXFileReference; lastKnownFileType = folder.assetcatalog; path = Assets.xcassets; sourceTree = "<group>"; };
		E2531C4F29012E1400B90D0F /* Base */ = {isa = PBXFileReference; lastKnownFileType = file.storyboard; name = Base; path = Base.lproj/LaunchScreen.storyboard; sourceTree = "<group>"; };
		E2531C5129012E1400B90D0F /* Info.plist */ = {isa = PBXFileReference; lastKnownFileType = text.plist.xml; path = Info.plist; sourceTree = "<group>"; };
		E2531C5729012F4800B90D0F /* GoogleService-Info.plist */ = {isa = PBXFileReference; fileEncoding = 4; lastKnownFileType = text.plist.xml; path = "GoogleService-Info.plist"; sourceTree = "<group>"; };
		E2531C6629014A4600B90D0F /* TrainingVC.swift */ = {isa = PBXFileReference; lastKnownFileType = sourcecode.swift; path = TrainingVC.swift; sourceTree = "<group>"; };
		E2531C6829014A5000B90D0F /* ExerciseVC.swift */ = {isa = PBXFileReference; lastKnownFileType = sourcecode.swift; path = ExerciseVC.swift; sourceTree = "<group>"; };
		E2531C6A29014A9000B90D0F /* CaloriesVC.swift */ = {isa = PBXFileReference; lastKnownFileType = sourcecode.swift; path = CaloriesVC.swift; sourceTree = "<group>"; };
		E2531C6C29014B2B00B90D0F /* GainsVC.swift */ = {isa = PBXFileReference; lastKnownFileType = sourcecode.swift; path = GainsVC.swift; sourceTree = "<group>"; };
		E2531C702902840800B90D0F /* HomeVC.swift */ = {isa = PBXFileReference; lastKnownFileType = sourcecode.swift; path = HomeVC.swift; sourceTree = "<group>"; };
		E2531C74290299B500B90D0F /* RegisterVC.swift */ = {isa = PBXFileReference; lastKnownFileType = sourcecode.swift; path = RegisterVC.swift; sourceTree = "<group>"; };
		E2531C7629029B1A00B90D0F /* Utilities.swift */ = {isa = PBXFileReference; fileEncoding = 4; lastKnownFileType = sourcecode.swift; path = Utilities.swift; sourceTree = "<group>"; };
/* End PBXFileReference section */

/* Begin PBXFrameworksBuildPhase section */
		E2531C3A29012E1200B90D0F /* Frameworks */ = {
			isa = PBXFrameworksBuildPhase;
			buildActionMask = 2147483647;
			files = (
				E2531C5B290131D000B90D0F /* FirebaseAnalytics in Frameworks */,
				E2531C61290131D000B90D0F /* FirebaseStorage in Frameworks */,
				E2531C5D290131D000B90D0F /* FirebaseAuth in Frameworks */,
				E2531C5F290131D000B90D0F /* FirebaseFirestoreSwift in Frameworks */,
			);
			runOnlyForDeploymentPostprocessing = 0;
		};
/* End PBXFrameworksBuildPhase section */

/* Begin PBXGroup section */
		E2531C3429012E1200B90D0F = {
			isa = PBXGroup;
			children = (
				E2531C3F29012E1200B90D0F /* JustPump */,
				E2531C3E29012E1200B90D0F /* Products */,
			);
			sourceTree = "<group>";
		};
		E2531C3E29012E1200B90D0F /* Products */ = {
			isa = PBXGroup;
			children = (
				E2531C3D29012E1200B90D0F /* JustPump.app */,
			);
			name = Products;
			sourceTree = "<group>";
		};
		E2531C3F29012E1200B90D0F /* JustPump */ = {
			isa = PBXGroup;
			children = (
				E2531C722902998200B90D0F /* RegisterScreen */,
				E2531C6F2901505D00B90D0F /* TrainingScreen */,
				E2531C6E2901502100B90D0F /* HomeScreen */,
				E2531C62290149E300B90D0F /* Views */,
				E2531C4029012E1200B90D0F /* AppDelegate.swift */,
				E2531C4229012E1200B90D0F /* SceneDelegate.swift */,
				E2531C4429012E1200B90D0F /* ViewController.swift */,
				E2531C4629012E1200B90D0F /* Main.storyboard */,
				E2531C4C29012E1400B90D0F /* Assets.xcassets */,
				E2531C4E29012E1400B90D0F /* LaunchScreen.storyboard */,
				E2531C7629029B1A00B90D0F /* Utilities.swift */,
				E2531C5129012E1400B90D0F /* Info.plist */,
				E2531C5729012F4800B90D0F /* GoogleService-Info.plist */,
				E2531C4929012E1200B90D0F /* JustPump.xcdatamodeld */,
			);
			path = JustPump;
			sourceTree = "<group>";
		};
		E2531C62290149E300B90D0F /* Views */ = {
			isa = PBXGroup;
			children = (
				E2531C6829014A5000B90D0F /* ExerciseVC.swift */,
				E2531C6A29014A9000B90D0F /* CaloriesVC.swift */,
				E2531C6C29014B2B00B90D0F /* GainsVC.swift */,
			);
			path = Views;
			sourceTree = "<group>";
		};
		E2531C6E2901502100B90D0F /* HomeScreen */ = {
			isa = PBXGroup;
			children = (
				E2531C702902840800B90D0F /* HomeVC.swift */,
			);
			path = HomeScreen;
			sourceTree = "<group>";
		};
		E2531C6F2901505D00B90D0F /* TrainingScreen */ = {
			isa = PBXGroup;
			children = (
				E2531C6629014A4600B90D0F /* TrainingVC.swift */,
			);
			path = TrainingScreen;
			sourceTree = "<group>";
		};
		E2531C722902998200B90D0F /* RegisterScreen */ = {
			isa = PBXGroup;
			children = (
				E2531C74290299B500B90D0F /* RegisterVC.swift */,
			);
			path = RegisterScreen;
			sourceTree = "<group>";
		};
/* End PBXGroup section */

/* Begin PBXNativeTarget section */
		E2531C3C29012E1200B90D0F /* JustPump */ = {
			isa = PBXNativeTarget;
			buildConfigurationList = E2531C5429012E1400B90D0F /* Build configuration list for PBXNativeTarget "JustPump" */;
			buildPhases = (
				E2531C3929012E1200B90D0F /* Sources */,
				E2531C3A29012E1200B90D0F /* Frameworks */,
				E2531C3B29012E1200B90D0F /* Resources */,
			);
			buildRules = (
			);
			dependencies = (
			);
			name = JustPump;
			packageProductDependencies = (
				E2531C5A290131D000B90D0F /* FirebaseAnalytics */,
				E2531C5C290131D000B90D0F /* FirebaseAuth */,
				E2531C5E290131D000B90D0F /* FirebaseFirestoreSwift */,
				E2531C60290131D000B90D0F /* FirebaseStorage */,
			);
			productName = JustPump;
			productReference = E2531C3D29012E1200B90D0F /* JustPump.app */;
			productType = "com.apple.product-type.application";
		};
/* End PBXNativeTarget section */

/* Begin PBXProject section */
		E2531C3529012E1200B90D0F /* Project object */ = {
			isa = PBXProject;
			attributes = {
				BuildIndependentTargetsInParallel = 1;
				LastSwiftUpdateCheck = 1400;
				LastUpgradeCheck = 1400;
				TargetAttributes = {
					E2531C3C29012E1200B90D0F = {
						CreatedOnToolsVersion = 14.0.1;
					};
				};
			};
			buildConfigurationList = E2531C3829012E1200B90D0F /* Build configuration list for PBXProject "JustPump" */;
			compatibilityVersion = "Xcode 14.0";
			developmentRegion = en;
			hasScannedForEncodings = 0;
			knownRegions = (
				en,
				Base,
			);
			mainGroup = E2531C3429012E1200B90D0F;
			packageReferences = (
				E2531C59290131D000B90D0F /* XCRemoteSwiftPackageReference "firebase-ios-sdk" */,
			);
			productRefGroup = E2531C3E29012E1200B90D0F /* Products */;
			projectDirPath = "";
			projectRoot = "";
			targets = (
				E2531C3C29012E1200B90D0F /* JustPump */,
			);
		};
/* End PBXProject section */

/* Begin PBXResourcesBuildPhase section */
		E2531C3B29012E1200B90D0F /* Resources */ = {
			isa = PBXResourcesBuildPhase;
			buildActionMask = 2147483647;
			files = (
				E2531C5029012E1400B90D0F /* LaunchScreen.storyboard in Resources */,
				E2531C5829012F4800B90D0F /* GoogleService-Info.plist in Resources */,
				E2531C4D29012E1400B90D0F /* Assets.xcassets in Resources */,
				E2531C4829012E1200B90D0F /* Main.storyboard in Resources */,
			);
			runOnlyForDeploymentPostprocessing = 0;
		};
/* End PBXResourcesBuildPhase section */

/* Begin PBXSourcesBuildPhase section */
		E2531C3929012E1200B90D0F /* Sources */ = {
			isa = PBXSourcesBuildPhase;
			buildActionMask = 2147483647;
			files = (
				E2531C6D29014B2C00B90D0F /* GainsVC.swift in Sources */,
				E2531C4529012E1200B90D0F /* ViewController.swift in Sources */,
				E2531C7729029B1A00B90D0F /* Utilities.swift in Sources */,
				E2531C6929014A5000B90D0F /* ExerciseVC.swift in Sources */,
				E2531C712902840800B90D0F /* HomeVC.swift in Sources */,
				E2531C6729014A4600B90D0F /* TrainingVC.swift in Sources */,
				E2531C4B29012E1200B90D0F /* JustPump.xcdatamodeld in Sources */,
				E2531C4129012E1200B90D0F /* AppDelegate.swift in Sources */,
				E2531C6B29014A9000B90D0F /* CaloriesVC.swift in Sources */,
				E2531C4329012E1200B90D0F /* SceneDelegate.swift in Sources */,
				E2531C75290299B500B90D0F /* RegisterVC.swift in Sources */,
			);
			runOnlyForDeploymentPostprocessing = 0;
		};
/* End PBXSourcesBuildPhase section */

/* Begin PBXVariantGroup section */
		E2531C4629012E1200B90D0F /* Main.storyboard */ = {
			isa = PBXVariantGroup;
			children = (
				E2531C4729012E1200B90D0F /* Base */,
			);
			name = Main.storyboard;
			sourceTree = "<group>";
		};
		E2531C4E29012E1400B90D0F /* LaunchScreen.storyboard */ = {
			isa = PBXVariantGroup;
			children = (
				E2531C4F29012E1400B90D0F /* Base */,
			);
			name = LaunchScreen.storyboard;
			sourceTree = "<group>";
		};
/* End PBXVariantGroup section */

/* Begin XCBuildConfiguration section */
		E2531C5229012E1400B90D0F /* Debug */ = {
			isa = XCBuildConfiguration;
			buildSettings = {
				ALWAYS_SEARCH_USER_PATHS = NO;
				CLANG_ANALYZER_NONNULL = YES;
				CLANG_ANALYZER_NUMBER_OBJECT_CONVERSION = YES_AGGRESSIVE;
				CLANG_CXX_LANGUAGE_STANDARD = "gnu++20";
				CLANG_ENABLE_MODULES = YES;
				CLANG_ENABLE_OBJC_ARC = YES;
				CLANG_ENABLE_OBJC_WEAK = YES;
				CLANG_WARN_BLOCK_CAPTURE_AUTORELEASING = YES;
				CLANG_WARN_BOOL_CONVERSION = YES;
				CLANG_WARN_COMMA = YES;
				CLANG_WARN_CONSTANT_CONVERSION = YES;
				CLANG_WARN_DEPRECATED_OBJC_IMPLEMENTATIONS = YES;
				CLANG_WARN_DIRECT_OBJC_ISA_USAGE = YES_ERROR;
				CLANG_WARN_DOCUMENTATION_COMMENTS = YES;
				CLANG_WARN_EMPTY_BODY = YES;
				CLANG_WARN_ENUM_CONVERSION = YES;
				CLANG_WARN_INFINITE_RECURSION = YES;
				CLANG_WARN_INT_CONVERSION = YES;
				CLANG_WARN_NON_LITERAL_NULL_CONVERSION = YES;
				CLANG_WARN_OBJC_IMPLICIT_RETAIN_SELF = YES;
				CLANG_WARN_OBJC_LITERAL_CONVERSION = YES;
				CLANG_WARN_OBJC_ROOT_CLASS = YES_ERROR;
				CLANG_WARN_QUOTED_INCLUDE_IN_FRAMEWORK_HEADER = YES;
				CLANG_WARN_RANGE_LOOP_ANALYSIS = YES;
				CLANG_WARN_STRICT_PROTOTYPES = YES;
				CLANG_WARN_SUSPICIOUS_MOVE = YES;
				CLANG_WARN_UNGUARDED_AVAILABILITY = YES_AGGRESSIVE;
				CLANG_WARN_UNREACHABLE_CODE = YES;
				CLANG_WARN__DUPLICATE_METHOD_MATCH = YES;
				COPY_PHASE_STRIP = NO;
				DEBUG_INFORMATION_FORMAT = dwarf;
				ENABLE_STRICT_OBJC_MSGSEND = YES;
				ENABLE_TESTABILITY = YES;
				GCC_C_LANGUAGE_STANDARD = gnu11;
				GCC_DYNAMIC_NO_PIC = NO;
				GCC_NO_COMMON_BLOCKS = YES;
				GCC_OPTIMIZATION_LEVEL = 0;
				GCC_PREPROCESSOR_DEFINITIONS = (
					"DEBUG=1",
					"$(inherited)",
				);
				GCC_WARN_64_TO_32_BIT_CONVERSION = YES;
				GCC_WARN_ABOUT_RETURN_TYPE = YES_ERROR;
				GCC_WARN_UNDECLARED_SELECTOR = YES;
				GCC_WARN_UNINITIALIZED_AUTOS = YES_AGGRESSIVE;
				GCC_WARN_UNUSED_FUNCTION = YES;
				GCC_WARN_UNUSED_VARIABLE = YES;
				IPHONEOS_DEPLOYMENT_TARGET = 16.0;
				MTL_ENABLE_DEBUG_INFO = INCLUDE_SOURCE;
				MTL_FAST_MATH = YES;
				ONLY_ACTIVE_ARCH = YES;
				SDKROOT = iphoneos;
				SWIFT_ACTIVE_COMPILATION_CONDITIONS = DEBUG;
				SWIFT_OPTIMIZATION_LEVEL = "-Onone";
			};
			name = Debug;
		};
		E2531C5329012E1400B90D0F /* Release */ = {
			isa = XCBuildConfiguration;
			buildSettings = {
				ALWAYS_SEARCH_USER_PATHS = NO;
				CLANG_ANALYZER_NONNULL = YES;
				CLANG_ANALYZER_NUMBER_OBJECT_CONVERSION = YES_AGGRESSIVE;
				CLANG_CXX_LANGUAGE_STANDARD = "gnu++20";
				CLANG_ENABLE_MODULES = YES;
				CLANG_ENABLE_OBJC_ARC = YES;
				CLANG_ENABLE_OBJC_WEAK = YES;
				CLANG_WARN_BLOCK_CAPTURE_AUTORELEASING = YES;
				CLANG_WARN_BOOL_CONVERSION = YES;
				CLANG_WARN_COMMA = YES;
				CLANG_WARN_CONSTANT_CONVERSION = YES;
				CLANG_WARN_DEPRECATED_OBJC_IMPLEMENTATIONS = YES;
				CLANG_WARN_DIRECT_OBJC_ISA_USAGE = YES_ERROR;
				CLANG_WARN_DOCUMENTATION_COMMENTS = YES;
				CLANG_WARN_EMPTY_BODY = YES;
				CLANG_WARN_ENUM_CONVERSION = YES;
				CLANG_WARN_INFINITE_RECURSION = YES;
				CLANG_WARN_INT_CONVERSION = YES;
				CLANG_WARN_NON_LITERAL_NULL_CONVERSION = YES;
				CLANG_WARN_OBJC_IMPLICIT_RETAIN_SELF = YES;
				CLANG_WARN_OBJC_LITERAL_CONVERSION = YES;
				CLANG_WARN_OBJC_ROOT_CLASS = YES_ERROR;
				CLANG_WARN_QUOTED_INCLUDE_IN_FRAMEWORK_HEADER = YES;
				CLANG_WARN_RANGE_LOOP_ANALYSIS = YES;
				CLANG_WARN_STRICT_PROTOTYPES = YES;
				CLANG_WARN_SUSPICIOUS_MOVE = YES;
				CLANG_WARN_UNGUARDED_AVAILABILITY = YES_AGGRESSIVE;
				CLANG_WARN_UNREACHABLE_CODE = YES;
				CLANG_WARN__DUPLICATE_METHOD_MATCH = YES;
				COPY_PHASE_STRIP = NO;
				DEBUG_INFORMATION_FORMAT = "dwarf-with-dsym";
				ENABLE_NS_ASSERTIONS = NO;
				ENABLE_STRICT_OBJC_MSGSEND = YES;
				GCC_C_LANGUAGE_STANDARD = gnu11;
				GCC_NO_COMMON_BLOCKS = YES;
				GCC_WARN_64_TO_32_BIT_CONVERSION = YES;
				GCC_WARN_ABOUT_RETURN_TYPE = YES_ERROR;
				GCC_WARN_UNDECLARED_SELECTOR = YES;
				GCC_WARN_UNINITIALIZED_AUTOS = YES_AGGRESSIVE;
				GCC_WARN_UNUSED_FUNCTION = YES;
				GCC_WARN_UNUSED_VARIABLE = YES;
				IPHONEOS_DEPLOYMENT_TARGET = 16.0;
				MTL_ENABLE_DEBUG_INFO = NO;
				MTL_FAST_MATH = YES;
				SDKROOT = iphoneos;
				SWIFT_COMPILATION_MODE = wholemodule;
				SWIFT_OPTIMIZATION_LEVEL = "-O";
				VALIDATE_PRODUCT = YES;
			};
			name = Release;
		};
		E2531C5529012E1400B90D0F /* Debug */ = {
			isa = XCBuildConfiguration;
			buildSettings = {
				ASSETCATALOG_COMPILER_APPICON_NAME = AppIcon;
				ASSETCATALOG_COMPILER_GLOBAL_ACCENT_COLOR_NAME = AccentColor;
				CODE_SIGN_STYLE = Automatic;
				CURRENT_PROJECT_VERSION = 1;
				DEVELOPMENT_TEAM = GU6P48X38A;
				GENERATE_INFOPLIST_FILE = YES;
				INFOPLIST_FILE = JustPump/Info.plist;
				INFOPLIST_KEY_UIApplicationSupportsIndirectInputEvents = YES;
				INFOPLIST_KEY_UILaunchStoryboardName = LaunchScreen;
				INFOPLIST_KEY_UIMainStoryboardFile = Main;
				INFOPLIST_KEY_UISupportedInterfaceOrientations_iPad = "UIInterfaceOrientationPortrait UIInterfaceOrientationPortraitUpsideDown UIInterfaceOrientationLandscapeLeft UIInterfaceOrientationLandscapeRight";
				INFOPLIST_KEY_UISupportedInterfaceOrientations_iPhone = "UIInterfaceOrientationPortrait UIInterfaceOrientationLandscapeLeft UIInterfaceOrientationLandscapeRight";
				LD_RUNPATH_SEARCH_PATHS = (
					"$(inherited)",
					"@executable_path/Frameworks",
				);
				MARKETING_VERSION = 1.0;
				PRODUCT_BUNDLE_IDENTIFIER = de.edwardfetzer.JustPump;
				PRODUCT_NAME = "$(TARGET_NAME)";
				SUPPORTED_PLATFORMS = "iphoneos iphonesimulator";
				SUPPORTS_MACCATALYST = NO;
				SUPPORTS_MAC_DESIGNED_FOR_IPHONE_IPAD = NO;
				SWIFT_EMIT_LOC_STRINGS = YES;
				SWIFT_VERSION = 5.0;
				TARGETED_DEVICE_FAMILY = 1;
			};
			name = Debug;
		};
		E2531C5629012E1400B90D0F /* Release */ = {
			isa = XCBuildConfiguration;
			buildSettings = {
				ASSETCATALOG_COMPILER_APPICON_NAME = AppIcon;
				ASSETCATALOG_COMPILER_GLOBAL_ACCENT_COLOR_NAME = AccentColor;
				CODE_SIGN_STYLE = Automatic;
				CURRENT_PROJECT_VERSION = 1;
				DEVELOPMENT_TEAM = GU6P48X38A;
				GENERATE_INFOPLIST_FILE = YES;
				INFOPLIST_FILE = JustPump/Info.plist;
				INFOPLIST_KEY_UIApplicationSupportsIndirectInputEvents = YES;
				INFOPLIST_KEY_UILaunchStoryboardName = LaunchScreen;
				INFOPLIST_KEY_UIMainStoryboardFile = Main;
				INFOPLIST_KEY_UISupportedInterfaceOrientations_iPad = "UIInterfaceOrientationPortrait UIInterfaceOrientationPortraitUpsideDown UIInterfaceOrientationLandscapeLeft UIInterfaceOrientationLandscapeRight";
				INFOPLIST_KEY_UISupportedInterfaceOrientations_iPhone = "UIInterfaceOrientationPortrait UIInterfaceOrientationLandscapeLeft UIInterfaceOrientationLandscapeRight";
				LD_RUNPATH_SEARCH_PATHS = (
					"$(inherited)",
					"@executable_path/Frameworks",
				);
				MARKETING_VERSION = 1.0;
				PRODUCT_BUNDLE_IDENTIFIER = de.edwardfetzer.JustPump;
				PRODUCT_NAME = "$(TARGET_NAME)";
				SUPPORTED_PLATFORMS = "iphoneos iphonesimulator";
				SUPPORTS_MACCATALYST = NO;
				SUPPORTS_MAC_DESIGNED_FOR_IPHONE_IPAD = NO;
				SWIFT_EMIT_LOC_STRINGS = YES;
				SWIFT_VERSION = 5.0;
				TARGETED_DEVICE_FAMILY = 1;
			};
			name = Release;
		};
/* End XCBuildConfiguration section */

/* Begin XCConfigurationList section */
		E2531C3829012E1200B90D0F /* Build configuration list for PBXProject "JustPump" */ = {
			isa = XCConfigurationList;
			buildConfigurations = (
				E2531C5229012E1400B90D0F /* Debug */,
				E2531C5329012E1400B90D0F /* Release */,
			);
			defaultConfigurationIsVisible = 0;
			defaultConfigurationName = Release;
		};
		E2531C5429012E1400B90D0F /* Build configuration list for PBXNativeTarget "JustPump" */ = {
			isa = XCConfigurationList;
			buildConfigurations = (
				E2531C5529012E1400B90D0F /* Debug */,
				E2531C5629012E1400B90D0F /* Release */,
			);
			defaultConfigurationIsVisible = 0;
			defaultConfigurationName = Release;
		};
/* End XCConfigurationList section */

/* Begin XCRemoteSwiftPackageReference section */
		E2531C59290131D000B90D0F /* XCRemoteSwiftPackageReference "firebase-ios-sdk" */ = {
			isa = XCRemoteSwiftPackageReference;
			repositoryURL = "https://github.com/firebase/firebase-ios-sdk";
			requirement = {
				kind = upToNextMajorVersion;
				minimumVersion = 9.0.0;
			};
		};
/* End XCRemoteSwiftPackageReference section */

/* Begin XCSwiftPackageProductDependency section */
		E2531C5A290131D000B90D0F /* FirebaseAnalytics */ = {
			isa = XCSwiftPackageProductDependency;
			package = E2531C59290131D000B90D0F /* XCRemoteSwiftPackageReference "firebase-ios-sdk" */;
			productName = FirebaseAnalytics;
		};
		E2531C5C290131D000B90D0F /* FirebaseAuth */ = {
			isa = XCSwiftPackageProductDependency;
			package = E2531C59290131D000B90D0F /* XCRemoteSwiftPackageReference "firebase-ios-sdk" */;
			productName = FirebaseAuth;
		};
		E2531C5E290131D000B90D0F /* FirebaseFirestoreSwift */ = {
			isa = XCSwiftPackageProductDependency;
			package = E2531C59290131D000B90D0F /* XCRemoteSwiftPackageReference "firebase-ios-sdk" */;
			productName = FirebaseFirestoreSwift;
		};
		E2531C60290131D000B90D0F /* FirebaseStorage */ = {
			isa = XCSwiftPackageProductDependency;
			package = E2531C59290131D000B90D0F /* XCRemoteSwiftPackageReference "firebase-ios-sdk" */;
			productName = FirebaseStorage;
		};
/* End XCSwiftPackageProductDependency section */

/* Begin XCVersionGroup section */
		E2531C4929012E1200B90D0F /* JustPump.xcdatamodeld */ = {
			isa = XCVersionGroup;
			children = (
				E2531C4A29012E1200B90D0F /* JustPump.xcdatamodel */,
			);
			currentVersion = E2531C4A29012E1200B90D0F /* JustPump.xcdatamodel */;
			path = JustPump.xcdatamodeld;
			sourceTree = "<group>";
			versionGroupType = wrapper.xcdatamodel;
		};
/* End XCVersionGroup section */
	};
	rootObject = E2531C3529012E1200B90D0F /* Project object */;
}
